
Microsoft Visual Studio Solution File, Format Version 12.00
# Visual Studio Version 16
VisualStudioVersion = 16.0.32106.194
MinimumVisualStudioVersion = 10.0.40219.1
Project("{FAE04EC0-301F-11D3-BF4B-00C04F79EFBC}") = "DiningRoomHornsHooves", "DiningRoomHornsHooves\DiningRoomHornsHooves.csproj", "{AEC5C7AE-96AD-418B-A518-E15ADAC4C9D7}"
EndProject
Project("{FAE04EC0-301F-11D3-BF4B-00C04F79EFBC}") = "DiningRoomContracts", "DiningRoomContracts\DiningRoomContracts.csproj", "{70B6F76A-C007-4A18-A6C4-CBAB1B611DF1}"
EndProject
Project("{FAE04EC0-301F-11D3-BF4B-00C04F79EFBC}") = "DiningRoomBusinessLogic", "DiningRoomBusinessLogic\DiningRoomBusinessLogic.csproj", "{5224C680-733B-43AD-AD71-AC1EE42EAB9A}"
EndProject
Global
	GlobalSection(SolutionConfigurationPlatforms) = preSolution
		Debug|Any CPU = Debug|Any CPU
		Release|Any CPU = Release|Any CPU
	EndGlobalSection
	GlobalSection(ProjectConfigurationPlatforms) = postSolution
		{AEC5C7AE-96AD-418B-A518-E15ADAC4C9D7}.Debug|Any CPU.ActiveCfg = Debug|Any CPU
		{AEC5C7AE-96AD-418B-A518-E15ADAC4C9D7}.Debug|Any CPU.Build.0 = Debug|Any CPU
		{AEC5C7AE-96AD-418B-A518-E15ADAC4C9D7}.Release|Any CPU.ActiveCfg = Release|Any CPU
		{AEC5C7AE-96AD-418B-A518-E15ADAC4C9D7}.Release|Any CPU.Build.0 = Release|Any CPU
		{70B6F76A-C007-4A18-A6C4-CBAB1B611DF1}.Debug|Any CPU.ActiveCfg = Debug|Any CPU
		{70B6F76A-C007-4A18-A6C4-CBAB1B611DF1}.Debug|Any CPU.Build.0 = Debug|Any CPU
		{70B6F76A-C007-4A18-A6C4-CBAB1B611DF1}.Release|Any CPU.ActiveCfg = Release|Any CPU
		{70B6F76A-C007-4A18-A6C4-CBAB1B611DF1}.Release|Any CPU.Build.0 = Release|Any CPU
		{5224C680-733B-43AD-AD71-AC1EE42EAB9A}.Debug|Any CPU.ActiveCfg = Debug|Any CPU
		{5224C680-733B-43AD-AD71-AC1EE42EAB9A}.Debug|Any CPU.Build.0 = Debug|Any CPU
		{5224C680-733B-43AD-AD71-AC1EE42EAB9A}.Release|Any CPU.ActiveCfg = Release|Any CPU
		{5224C680-733B-43AD-AD71-AC1EE42EAB9A}.Release|Any CPU.Build.0 = Release|Any CPU
	EndGlobalSection
	GlobalSection(SolutionProperties) = preSolution
		HideSolutionNode = FALSE
	EndGlobalSection
	GlobalSection(ExtensibilityGlobals) = postSolution
		SolutionGuid = {E8DADB1A-3413-43A0-891E-1AAFC3992C64}
	EndGlobalSection
EndGlobal
